
Microsoft Visual Studio Solution File, Format Version 12.00
# Visual Studio Version 16
VisualStudioVersion = 16.0.30114.105
MinimumVisualStudioVersion = 10.0.40219.1
Project("{FAE04EC0-301F-11D3-BF4B-00C04F79EFBC}") = "App", "App\App.csproj", "{AD2B2A2C-FB98-49AE-BC9F-79776350C99C}"
EndProject
Project("{FAE04EC0-301F-11D3-BF4B-00C04F79EFBC}") = "App.Tests", "App.Tests\App.Tests.csproj", "{4FED6460-A149-4209-ABD3-510642D76DCB}"
EndProject
Global
	GlobalSection(SolutionConfigurationPlatforms) = preSolution
		Debug|Any CPU = Debug|Any CPU
		Release|Any CPU = Release|Any CPU
	EndGlobalSection
	GlobalSection(SolutionProperties) = preSolution
		HideSolutionNode = FALSE
	EndGlobalSection
	GlobalSection(ProjectConfigurationPlatforms) = postSolution
		{AD2B2A2C-FB98-49AE-BC9F-79776350C99C}.Debug|Any CPU.ActiveCfg = Debug|Any CPU
		{AD2B2A2C-FB98-49AE-BC9F-79776350C99C}.Debug|Any CPU.Build.0 = Debug|Any CPU
		{AD2B2A2C-FB98-49AE-BC9F-79776350C99C}.Release|Any CPU.ActiveCfg = Release|Any CPU
		{AD2B2A2C-FB98-49AE-BC9F-79776350C99C}.Release|Any CPU.Build.0 = Release|Any CPU
		{4FED6460-A149-4209-ABD3-510642D76DCB}.Debug|Any CPU.ActiveCfg = Debug|Any CPU
		{4FED6460-A149-4209-ABD3-510642D76DCB}.Debug|Any CPU.Build.0 = Debug|Any CPU
		{4FED6460-A149-4209-ABD3-510642D76DCB}.Release|Any CPU.ActiveCfg = Release|Any CPU
		{4FED6460-A149-4209-ABD3-510642D76DCB}.Release|Any CPU.Build.0 = Release|Any CPU
	EndGlobalSection
EndGlobal
